// !$*UTF8*$!
{
	archiveVersion = 1;
	classes = {
	};
	objectVersion = 56;
	objects = {

/* Begin PBXBuildFile section */
		8A9A70C62D4A623B0039A3BC /* GradientBackgroundViewModifier.swift in Sources */ = {isa = PBXBuildFile; fileRef = 8A9A70C52D4A623B0039A3BC /* GradientBackgroundViewModifier.swift */; };
		8AE4AC662D4A3CC8001474F4 /* Recipe.swift in Sources */ = {isa = PBXBuildFile; fileRef = 8AE4AC652D4A3CC8001474F4 /* Recipe.swift */; };
		8AE4AC682D4A3CE3001474F4 /* RecipeViewModel.swift in Sources */ = {isa = PBXBuildFile; fileRef = 8AE4AC672D4A3CE3001474F4 /* RecipeViewModel.swift */; };
		8AE4AC6A2D4A3CF8001474F4 /* HomeView.swift in Sources */ = {isa = PBXBuildFile; fileRef = 8AE4AC692D4A3CF8001474F4 /* HomeView.swift */; };
		8AE4AC6C2D4A3D10001474F4 /* RecipeDetailView.swift in Sources */ = {isa = PBXBuildFile; fileRef = 8AE4AC6B2D4A3D10001474F4 /* RecipeDetailView.swift */; };
		8AE4AC6E2D4A3DD0001474F4 /* CategoriesView.swift in Sources */ = {isa = PBXBuildFile; fileRef = 8AE4AC6D2D4A3DD0001474F4 /* CategoriesView.swift */; };
		8AE4AC702D4A3DF4001474F4 /* FavoritesView.swift in Sources */ = {isa = PBXBuildFile; fileRef = 8AE4AC6F2D4A3DF4001474F4 /* FavoritesView.swift */; };
		8AEBE7C32D4A0A5A001D4F6A /* DishDashApp.swift in Sources */ = {isa = PBXBuildFile; fileRef = 8AEBE7C22D4A0A5A001D4F6A /* DishDashApp.swift */; };
		8AEBE7C52D4A0A5A001D4F6A /* ContentView.swift in Sources */ = {isa = PBXBuildFile; fileRef = 8AEBE7C42D4A0A5A001D4F6A /* ContentView.swift */; };
		8AEBE7C72D4A0A5D001D4F6A /* Assets.xcassets in Resources */ = {isa = PBXBuildFile; fileRef = 8AEBE7C62D4A0A5D001D4F6A /* Assets.xcassets */; };
		8AEBE7CA2D4A0A5D001D4F6A /* Preview Assets.xcassets in Resources */ = {isa = PBXBuildFile; fileRef = 8AEBE7C92D4A0A5D001D4F6A /* Preview Assets.xcassets */; };
		8AEBE7D42D4A0A5D001D4F6A /* DishDashTests.swift in Sources */ = {isa = PBXBuildFile; fileRef = 8AEBE7D32D4A0A5D001D4F6A /* DishDashTests.swift */; };
		8AEBE7DE2D4A0A5D001D4F6A /* DishDashUITests.swift in Sources */ = {isa = PBXBuildFile; fileRef = 8AEBE7DD2D4A0A5D001D4F6A /* DishDashUITests.swift */; };
		8AEBE7E02D4A0A5D001D4F6A /* DishDashUITestsLaunchTests.swift in Sources */ = {isa = PBXBuildFile; fileRef = 8AEBE7DF2D4A0A5D001D4F6A /* DishDashUITestsLaunchTests.swift */; };
/* End PBXBuildFile section */

/* Begin PBXContainerItemProxy section */
		8AEBE7D02D4A0A5D001D4F6A /* PBXContainerItemProxy */ = {
			isa = PBXContainerItemProxy;
			containerPortal = 8AEBE7B72D4A0A5A001D4F6A /* Project object */;
			proxyType = 1;
			remoteGlobalIDString = 8AEBE7BE2D4A0A5A001D4F6A;
			remoteInfo = DishDash;
		};
		8AEBE7DA2D4A0A5D001D4F6A /* PBXContainerItemProxy */ = {
			isa = PBXContainerItemProxy;
			containerPortal = 8AEBE7B72D4A0A5A001D4F6A /* Project object */;
			proxyType = 1;
			remoteGlobalIDString = 8AEBE7BE2D4A0A5A001D4F6A;
			remoteInfo = DishDash;
		};
/* End PBXContainerItemProxy section */

/* Begin PBXFileReference section */
		8A9A70C52D4A623B0039A3BC /* GradientBackgroundViewModifier.swift */ = {isa = PBXFileReference; lastKnownFileType = sourcecode.swift; path = GradientBackgroundViewModifier.swift; sourceTree = "<group>"; };
		8AE4AC652D4A3CC8001474F4 /* Recipe.swift */ = {isa = PBXFileReference; lastKnownFileType = sourcecode.swift; path = Recipe.swift; sourceTree = "<group>"; };
		8AE4AC672D4A3CE3001474F4 /* RecipeViewModel.swift */ = {isa = PBXFileReference; lastKnownFileType = sourcecode.swift; path = RecipeViewModel.swift; sourceTree = "<group>"; };
		8AE4AC692D4A3CF8001474F4 /* HomeView.swift */ = {isa = PBXFileReference; lastKnownFileType = sourcecode.swift; path = HomeView.swift; sourceTree = "<group>"; };
		8AE4AC6B2D4A3D10001474F4 /* RecipeDetailView.swift */ = {isa = PBXFileReference; lastKnownFileType = sourcecode.swift; path = RecipeDetailView.swift; sourceTree = "<group>"; };
		8AE4AC6D2D4A3DD0001474F4 /* CategoriesView.swift */ = {isa = PBXFileReference; lastKnownFileType = sourcecode.swift; path = CategoriesView.swift; sourceTree = "<group>"; };
		8AE4AC6F2D4A3DF4001474F4 /* FavoritesView.swift */ = {isa = PBXFileReference; lastKnownFileType = sourcecode.swift; path = FavoritesView.swift; sourceTree = "<group>"; };
		8AEBE7BF2D4A0A5A001D4F6A /* DishDash.app */ = {isa = PBXFileReference; explicitFileType = wrapper.application; includeInIndex = 0; path = DishDash.app; sourceTree = BUILT_PRODUCTS_DIR; };
		8AEBE7C22D4A0A5A001D4F6A /* DishDashApp.swift */ = {isa = PBXFileReference; lastKnownFileType = sourcecode.swift; path = DishDashApp.swift; sourceTree = "<group>"; };
		8AEBE7C42D4A0A5A001D4F6A /* ContentView.swift */ = {isa = PBXFileReference; lastKnownFileType = sourcecode.swift; path = ContentView.swift; sourceTree = "<group>"; };
		8AEBE7C62D4A0A5D001D4F6A /* Assets.xcassets */ = {isa = PBXFileReference; lastKnownFileType = folder.assetcatalog; path = Assets.xcassets; sourceTree = "<group>"; };
		8AEBE7C92D4A0A5D001D4F6A /* Preview Assets.xcassets */ = {isa = PBXFileReference; lastKnownFileType = folder.assetcatalog; path = "Preview Assets.xcassets"; sourceTree = "<group>"; };
		8AEBE7CF2D4A0A5D001D4F6A /* DishDashTests.xctest */ = {isa = PBXFileReference; explicitFileType = wrapper.cfbundle; includeInIndex = 0; path = DishDashTests.xctest; sourceTree = BUILT_PRODUCTS_DIR; };
		8AEBE7D32D4A0A5D001D4F6A /* DishDashTests.swift */ = {isa = PBXFileReference; lastKnownFileType = sourcecode.swift; path = DishDashTests.swift; sourceTree = "<group>"; };
		8AEBE7D92D4A0A5D001D4F6A /* DishDashUITests.xctest */ = {isa = PBXFileReference; explicitFileType = wrapper.cfbundle; includeInIndex = 0; path = DishDashUITests.xctest; sourceTree = BUILT_PRODUCTS_DIR; };
		8AEBE7DD2D4A0A5D001D4F6A /* DishDashUITests.swift */ = {isa = PBXFileReference; lastKnownFileType = sourcecode.swift; path = DishDashUITests.swift; sourceTree = "<group>"; };
		8AEBE7DF2D4A0A5D001D4F6A /* DishDashUITestsLaunchTests.swift */ = {isa = PBXFileReference; lastKnownFileType = sourcecode.swift; path = DishDashUITestsLaunchTests.swift; sourceTree = "<group>"; };
/* End PBXFileReference section */

/* Begin PBXFrameworksBuildPhase section */
		8AEBE7BC2D4A0A5A001D4F6A /* Frameworks */ = {
			isa = PBXFrameworksBuildPhase;
			buildActionMask = 2147483647;
			files = (
			);
			runOnlyForDeploymentPostprocessing = 0;
		};
		8AEBE7CC2D4A0A5D001D4F6A /* Frameworks */ = {
			isa = PBXFrameworksBuildPhase;
			buildActionMask = 2147483647;
			files = (
			);
			runOnlyForDeploymentPostprocessing = 0;
		};
		8AEBE7D62D4A0A5D001D4F6A /* Frameworks */ = {
			isa = PBXFrameworksBuildPhase;
			buildActionMask = 2147483647;
			files = (
			);
			runOnlyForDeploymentPostprocessing = 0;
		};
/* End PBXFrameworksBuildPhase section */

/* Begin PBXGroup section */
		8AEBE7B62D4A0A5A001D4F6A = {
			isa = PBXGroup;
			children = (
				8AEBE7EF2D4A357E001D4F6A /* Views */,
				8AEBE7ED2D4A3550001D4F6A /* ViewModels */,
				8AEBE7EC2D4A353D001D4F6A /* Models */,
				8AEBE7C12D4A0A5A001D4F6A /* DishDash */,
				8AEBE7D22D4A0A5D001D4F6A /* DishDashTests */,
				8AEBE7DC2D4A0A5D001D4F6A /* DishDashUITests */,
				8AEBE7C02D4A0A5A001D4F6A /* Products */,
			);
			sourceTree = "<group>";
		};
		8AEBE7C02D4A0A5A001D4F6A /* Products */ = {
			isa = PBXGroup;
			children = (
				8AEBE7BF2D4A0A5A001D4F6A /* DishDash.app */,
				8AEBE7CF2D4A0A5D001D4F6A /* DishDashTests.xctest */,
				8AEBE7D92D4A0A5D001D4F6A /* DishDashUITests.xctest */,
			);
			name = Products;
			sourceTree = "<group>";
		};
		8AEBE7C12D4A0A5A001D4F6A /* DishDash */ = {
			isa = PBXGroup;
			children = (
				8AEBE7C22D4A0A5A001D4F6A /* DishDashApp.swift */,
				8AEBE7C42D4A0A5A001D4F6A /* ContentView.swift */,
				8AEBE7C62D4A0A5D001D4F6A /* Assets.xcassets */,
				8AEBE7C82D4A0A5D001D4F6A /* Preview Content */,
			);
			path = DishDash;
			sourceTree = "<group>";
		};
		8AEBE7C82D4A0A5D001D4F6A /* Preview Content */ = {
			isa = PBXGroup;
			children = (
				8AEBE7C92D4A0A5D001D4F6A /* Preview Assets.xcassets */,
			);
			path = "Preview Content";
			sourceTree = "<group>";
		};
		8AEBE7D22D4A0A5D001D4F6A /* DishDashTests */ = {
			isa = PBXGroup;
			children = (
				8AEBE7D32D4A0A5D001D4F6A /* DishDashTests.swift */,
			);
			path = DishDashTests;
			sourceTree = "<group>";
		};
		8AEBE7DC2D4A0A5D001D4F6A /* DishDashUITests */ = {
			isa = PBXGroup;
			children = (
				8AEBE7DD2D4A0A5D001D4F6A /* DishDashUITests.swift */,
				8AEBE7DF2D4A0A5D001D4F6A /* DishDashUITestsLaunchTests.swift */,
			);
			path = DishDashUITests;
			sourceTree = "<group>";
		};
		8AEBE7EC2D4A353D001D4F6A /* Models */ = {
			isa = PBXGroup;
			children = (
				8AE4AC652D4A3CC8001474F4 /* Recipe.swift */,
			);
			path = Models;
			sourceTree = "<group>";
		};
		8AEBE7ED2D4A3550001D4F6A /* ViewModels */ = {
			isa = PBXGroup;
			children = (
				8AE4AC672D4A3CE3001474F4 /* RecipeViewModel.swift */,
			);
			path = ViewModels;
			sourceTree = "<group>";
		};
		8AEBE7EF2D4A357E001D4F6A /* Views */ = {
			isa = PBXGroup;
			children = (
				8AE4AC692D4A3CF8001474F4 /* HomeView.swift */,
				8AE4AC6B2D4A3D10001474F4 /* RecipeDetailView.swift */,
				8AE4AC6D2D4A3DD0001474F4 /* CategoriesView.swift */,
				8AE4AC6F2D4A3DF4001474F4 /* FavoritesView.swift */,
				8A9A70C52D4A623B0039A3BC /* GradientBackgroundViewModifier.swift */,
			);
			path = Views;
			sourceTree = "<group>";
		};
/* End PBXGroup section */

/* Begin PBXNativeTarget section */
		8AEBE7BE2D4A0A5A001D4F6A /* DishDash */ = {
			isa = PBXNativeTarget;
			buildConfigurationList = 8AEBE7E32D4A0A5D001D4F6A /* Build configuration list for PBXNativeTarget "DishDash" */;
			buildPhases = (
				8AEBE7BB2D4A0A5A001D4F6A /* Sources */,
				8AEBE7BC2D4A0A5A001D4F6A /* Frameworks */,
				8AEBE7BD2D4A0A5A001D4F6A /* Resources */,
			);
			buildRules = (
			);
			dependencies = (
			);
			name = DishDash;
			productName = DishDash;
			productReference = 8AEBE7BF2D4A0A5A001D4F6A /* DishDash.app */;
			productType = "com.apple.product-type.application";
		};
		8AEBE7CE2D4A0A5D001D4F6A /* DishDashTests */ = {
			isa = PBXNativeTarget;
			buildConfigurationList = 8AEBE7E62D4A0A5D001D4F6A /* Build configuration list for PBXNativeTarget "DishDashTests" */;
			buildPhases = (
				8AEBE7CB2D4A0A5D001D4F6A /* Sources */,
				8AEBE7CC2D4A0A5D001D4F6A /* Frameworks */,
				8AEBE7CD2D4A0A5D001D4F6A /* Resources */,
			);
			buildRules = (
			);
			dependencies = (
				8AEBE7D12D4A0A5D001D4F6A /* PBXTargetDependency */,
			);
			name = DishDashTests;
			productName = DishDashTests;
			productReference = 8AEBE7CF2D4A0A5D001D4F6A /* DishDashTests.xctest */;
			productType = "com.apple.product-type.bundle.unit-test";
		};
		8AEBE7D82D4A0A5D001D4F6A /* DishDashUITests */ = {
			isa = PBXNativeTarget;
			buildConfigurationList = 8AEBE7E92D4A0A5D001D4F6A /* Build configuration list for PBXNativeTarget "DishDashUITests" */;
			buildPhases = (
				8AEBE7D52D4A0A5D001D4F6A /* Sources */,
				8AEBE7D62D4A0A5D001D4F6A /* Frameworks */,
				8AEBE7D72D4A0A5D001D4F6A /* Resources */,
			);
			buildRules = (
			);
			dependencies = (
				8AEBE7DB2D4A0A5D001D4F6A /* PBXTargetDependency */,
			);
			name = DishDashUITests;
			productName = DishDashUITests;
			productReference = 8AEBE7D92D4A0A5D001D4F6A /* DishDashUITests.xctest */;
			productType = "com.apple.product-type.bundle.ui-testing";
		};
/* End PBXNativeTarget section */

/* Begin PBXProject section */
		8AEBE7B72D4A0A5A001D4F6A /* Project object */ = {
			isa = PBXProject;
			attributes = {
				BuildIndependentTargetsInParallel = 1;
				LastSwiftUpdateCheck = 1520;
				LastUpgradeCheck = 1520;
				TargetAttributes = {
					8AEBE7BE2D4A0A5A001D4F6A = {
						CreatedOnToolsVersion = 15.2;
					};
					8AEBE7CE2D4A0A5D001D4F6A = {
						CreatedOnToolsVersion = 15.2;
						TestTargetID = 8AEBE7BE2D4A0A5A001D4F6A;
					};
					8AEBE7D82D4A0A5D001D4F6A = {
						CreatedOnToolsVersion = 15.2;
						TestTargetID = 8AEBE7BE2D4A0A5A001D4F6A;
					};
				};
			};
			buildConfigurationList = 8AEBE7BA2D4A0A5A001D4F6A /* Build configuration list for PBXProject "DishDash" */;
			compatibilityVersion = "Xcode 14.0";
			developmentRegion = en;
			hasScannedForEncodings = 0;
			knownRegions = (
				en,
				Base,
			);
			mainGroup = 8AEBE7B62D4A0A5A001D4F6A;
			productRefGroup = 8AEBE7C02D4A0A5A001D4F6A /* Products */;
			projectDirPath = "";
			projectRoot = "";
			targets = (
				8AEBE7BE2D4A0A5A001D4F6A /* DishDash */,
				8AEBE7CE2D4A0A5D001D4F6A /* DishDashTests */,
				8AEBE7D82D4A0A5D001D4F6A /* DishDashUITests */,
			);
		};
/* End PBXProject section */

/* Begin PBXResourcesBuildPhase section */
		8AEBE7BD2D4A0A5A001D4F6A /* Resources */ = {
			isa = PBXResourcesBuildPhase;
			buildActionMask = 2147483647;
			files = (
				8AEBE7CA2D4A0A5D001D4F6A /* Preview Assets.xcassets in Resources */,
				8AEBE7C72D4A0A5D001D4F6A /* Assets.xcassets in Resources */,
			);
			runOnlyForDeploymentPostprocessing = 0;
		};
		8AEBE7CD2D4A0A5D001D4F6A /* Resources */ = {
			isa = PBXResourcesBuildPhase;
			buildActionMask = 2147483647;
			files = (
			);
			runOnlyForDeploymentPostprocessing = 0;
		};
		8AEBE7D72D4A0A5D001D4F6A /* Resources */ = {
			isa = PBXResourcesBuildPhase;
			buildActionMask = 2147483647;
			files = (
			);
			runOnlyForDeploymentPostprocessing = 0;
		};
/* End PBXResourcesBuildPhase section */

/* Begin PBXSourcesBuildPhase section */
		8AEBE7BB2D4A0A5A001D4F6A /* Sources */ = {
			isa = PBXSourcesBuildPhase;
			buildActionMask = 2147483647;
			files = (
				8AE4AC682D4A3CE3001474F4 /* RecipeViewModel.swift in Sources */,
				8AE4AC6E2D4A3DD0001474F4 /* CategoriesView.swift in Sources */,
				8AE4AC6C2D4A3D10001474F4 /* RecipeDetailView.swift in Sources */,
				8AE4AC662D4A3CC8001474F4 /* Recipe.swift in Sources */,
				8AE4AC702D4A3DF4001474F4 /* FavoritesView.swift in Sources */,
				8A9A70C62D4A623B0039A3BC /* GradientBackgroundViewModifier.swift in Sources */,
				8AEBE7C52D4A0A5A001D4F6A /* ContentView.swift in Sources */,
				8AE4AC6A2D4A3CF8001474F4 /* HomeView.swift in Sources */,
				8AEBE7C32D4A0A5A001D4F6A /* DishDashApp.swift in Sources */,
			);
			runOnlyForDeploymentPostprocessing = 0;
		};
		8AEBE7CB2D4A0A5D001D4F6A /* Sources */ = {
			isa = PBXSourcesBuildPhase;
			buildActionMask = 2147483647;
			files = (
				8AEBE7D42D4A0A5D001D4F6A /* DishDashTests.swift in Sources */,
			);
			runOnlyForDeploymentPostprocessing = 0;
		};
		8AEBE7D52D4A0A5D001D4F6A /* Sources */ = {
			isa = PBXSourcesBuildPhase;
			buildActionMask = 2147483647;
			files = (
				8AEBE7E02D4A0A5D001D4F6A /* DishDashUITestsLaunchTests.swift in Sources */,
				8AEBE7DE2D4A0A5D001D4F6A /* DishDashUITests.swift in Sources */,
			);
			runOnlyForDeploymentPostprocessing = 0;
		};
/* End PBXSourcesBuildPhase section */

/* Begin PBXTargetDependency section */
		8AEBE7D12D4A0A5D001D4F6A /* PBXTargetDependency */ = {
			isa = PBXTargetDependency;
			target = 8AEBE7BE2D4A0A5A001D4F6A /* DishDash */;
			targetProxy = 8AEBE7D02D4A0A5D001D4F6A /* PBXContainerItemProxy */;
		};
		8AEBE7DB2D4A0A5D001D4F6A /* PBXTargetDependency */ = {
			isa = PBXTargetDependency;
			target = 8AEBE7BE2D4A0A5A001D4F6A /* DishDash */;
			targetProxy = 8AEBE7DA2D4A0A5D001D4F6A /* PBXContainerItemProxy */;
		};
/* End PBXTargetDependency section */

/* Begin XCBuildConfiguration section */
		8AEBE7E12D4A0A5D001D4F6A /* Debug */ = {
			isa = XCBuildConfiguration;
			buildSettings = {
				ALWAYS_SEARCH_USER_PATHS = NO;
				ASSETCATALOG_COMPILER_GENERATE_SWIFT_ASSET_SYMBOL_EXTENSIONS = YES;
				CLANG_ANALYZER_NONNULL = YES;
				CLANG_ANALYZER_NUMBER_OBJECT_CONVERSION = YES_AGGRESSIVE;
				CLANG_CXX_LANGUAGE_STANDARD = "gnu++20";
				CLANG_ENABLE_MODULES = YES;
				CLANG_ENABLE_OBJC_ARC = YES;
				CLANG_ENABLE_OBJC_WEAK = YES;
				CLANG_WARN_BLOCK_CAPTURE_AUTORELEASING = YES;
				CLANG_WARN_BOOL_CONVERSION = YES;
				CLANG_WARN_COMMA = YES;
				CLANG_WARN_CONSTANT_CONVERSION = YES;
				CLANG_WARN_DEPRECATED_OBJC_IMPLEMENTATIONS = YES;
				CLANG_WARN_DIRECT_OBJC_ISA_USAGE = YES_ERROR;
				CLANG_WARN_DOCUMENTATION_COMMENTS = YES;
				CLANG_WARN_EMPTY_BODY = YES;
				CLANG_WARN_ENUM_CONVERSION = YES;
				CLANG_WARN_INFINITE_RECURSION = YES;
				CLANG_WARN_INT_CONVERSION = YES;
				CLANG_WARN_NON_LITERAL_NULL_CONVERSION = YES;
				CLANG_WARN_OBJC_IMPLICIT_RETAIN_SELF = YES;
				CLANG_WARN_OBJC_LITERAL_CONVERSION = YES;
				CLANG_WARN_OBJC_ROOT_CLASS = YES_ERROR;
				CLANG_WARN_QUOTED_INCLUDE_IN_FRAMEWORK_HEADER = YES;
				CLANG_WARN_RANGE_LOOP_ANALYSIS = YES;
				CLANG_WARN_STRICT_PROTOTYPES = YES;
				CLANG_WARN_SUSPICIOUS_MOVE = YES;
				CLANG_WARN_UNGUARDED_AVAILABILITY = YES_AGGRESSIVE;
				CLANG_WARN_UNREACHABLE_CODE = YES;
				CLANG_WARN__DUPLICATE_METHOD_MATCH = YES;
				COPY_PHASE_STRIP = NO;
				DEBUG_INFORMATION_FORMAT = dwarf;
				ENABLE_STRICT_OBJC_MSGSEND = YES;
				ENABLE_TESTABILITY = YES;
				ENABLE_USER_SCRIPT_SANDBOXING = YES;
				GCC_C_LANGUAGE_STANDARD = gnu17;
				GCC_DYNAMIC_NO_PIC = NO;
				GCC_NO_COMMON_BLOCKS = YES;
				GCC_OPTIMIZATION_LEVEL = 0;
				GCC_PREPROCESSOR_DEFINITIONS = (
					"DEBUG=1",
					"$(inherited)",
				);
				GCC_WARN_64_TO_32_BIT_CONVERSION = YES;
				GCC_WARN_ABOUT_RETURN_TYPE = YES_ERROR;
				GCC_WARN_UNDECLARED_SELECTOR = YES;
				GCC_WARN_UNINITIALIZED_AUTOS = YES_AGGRESSIVE;
				GCC_WARN_UNUSED_FUNCTION = YES;
				GCC_WARN_UNUSED_VARIABLE = YES;
				IPHONEOS_DEPLOYMENT_TARGET = 17.2;
				LOCALIZATION_PREFERS_STRING_CATALOGS = YES;
				MTL_ENABLE_DEBUG_INFO = INCLUDE_SOURCE;
				MTL_FAST_MATH = YES;
				ONLY_ACTIVE_ARCH = YES;
				SDKROOT = iphoneos;
				SWIFT_ACTIVE_COMPILATION_CONDITIONS = "DEBUG $(inherited)";
				SWIFT_OPTIMIZATION_LEVEL = "-Onone";
			};
			name = Debug;
		};
		8AEBE7E22D4A0A5D001D4F6A /* Release */ = {
			isa = XCBuildConfiguration;
			buildSettings = {
				ALWAYS_SEARCH_USER_PATHS = NO;
				ASSETCATALOG_COMPILER_GENERATE_SWIFT_ASSET_SYMBOL_EXTENSIONS = YES;
				CLANG_ANALYZER_NONNULL = YES;
				CLANG_ANALYZER_NUMBER_OBJECT_CONVERSION = YES_AGGRESSIVE;
				CLANG_CXX_LANGUAGE_STANDARD = "gnu++20";
				CLANG_ENABLE_MODULES = YES;
				CLANG_ENABLE_OBJC_ARC = YES;
				CLANG_ENABLE_OBJC_WEAK = YES;
				CLANG_WARN_BLOCK_CAPTURE_AUTORELEASING = YES;
				CLANG_WARN_BOOL_CONVERSION = YES;
				CLANG_WARN_COMMA = YES;
				CLANG_WARN_CONSTANT_CONVERSION = YES;
				CLANG_WARN_DEPRECATED_OBJC_IMPLEMENTATIONS = YES;
				CLANG_WARN_DIRECT_OBJC_ISA_USAGE = YES_ERROR;
				CLANG_WARN_DOCUMENTATION_COMMENTS = YES;
				CLANG_WARN_EMPTY_BODY = YES;
				CLANG_WARN_ENUM_CONVERSION = YES;
				CLANG_WARN_INFINITE_RECURSION = YES;
				CLANG_WARN_INT_CONVERSION = YES;
				CLANG_WARN_NON_LITERAL_NULL_CONVERSION = YES;
				CLANG_WARN_OBJC_IMPLICIT_RETAIN_SELF = YES;
				CLANG_WARN_OBJC_LITERAL_CONVERSION = YES;
				CLANG_WARN_OBJC_ROOT_CLASS = YES_ERROR;
				CLANG_WARN_QUOTED_INCLUDE_IN_FRAMEWORK_HEADER = YES;
				CLANG_WARN_RANGE_LOOP_ANALYSIS = YES;
				CLANG_WARN_STRICT_PROTOTYPES = YES;
				CLANG_WARN_SUSPICIOUS_MOVE = YES;
				CLANG_WARN_UNGUARDED_AVAILABILITY = YES_AGGRESSIVE;
				CLANG_WARN_UNREACHABLE_CODE = YES;
				CLANG_WARN__DUPLICATE_METHOD_MATCH = YES;
				COPY_PHASE_STRIP = NO;
				DEBUG_INFORMATION_FORMAT = "dwarf-with-dsym";
				ENABLE_NS_ASSERTIONS = NO;
				ENABLE_STRICT_OBJC_MSGSEND = YES;
				ENABLE_USER_SCRIPT_SANDBOXING = YES;
				GCC_C_LANGUAGE_STANDARD = gnu17;
				GCC_NO_COMMON_BLOCKS = YES;
				GCC_WARN_64_TO_32_BIT_CONVERSION = YES;
				GCC_WARN_ABOUT_RETURN_TYPE = YES_ERROR;
				GCC_WARN_UNDECLARED_SELECTOR = YES;
				GCC_WARN_UNINITIALIZED_AUTOS = YES_AGGRESSIVE;
				GCC_WARN_UNUSED_FUNCTION = YES;
				GCC_WARN_UNUSED_VARIABLE = YES;
				IPHONEOS_DEPLOYMENT_TARGET = 17.2;
				LOCALIZATION_PREFERS_STRING_CATALOGS = YES;
				MTL_ENABLE_DEBUG_INFO = NO;
				MTL_FAST_MATH = YES;
				SDKROOT = iphoneos;
				SWIFT_COMPILATION_MODE = wholemodule;
				VALIDATE_PRODUCT = YES;
			};
			name = Release;
		};
		8AEBE7E42D4A0A5D001D4F6A /* Debug */ = {
			isa = XCBuildConfiguration;
			buildSettings = {
				ASSETCATALOG_COMPILER_APPICON_NAME = AppIcon;
				ASSETCATALOG_COMPILER_GLOBAL_ACCENT_COLOR_NAME = AccentColor;
				CODE_SIGN_STYLE = Automatic;
				CURRENT_PROJECT_VERSION = 1;
				DEVELOPMENT_ASSET_PATHS = "\"DishDash/Preview Content\"";
				ENABLE_PREVIEWS = YES;
				GENERATE_INFOPLIST_FILE = YES;
				INFOPLIST_KEY_UIApplicationSceneManifest_Generation = YES;
				INFOPLIST_KEY_UIApplicationSupportsIndirectInputEvents = YES;
				INFOPLIST_KEY_UILaunchScreen_Generation = YES;
				INFOPLIST_KEY_UISupportedInterfaceOrientations_iPad = "UIInterfaceOrientationPortrait UIInterfaceOrientationPortraitUpsideDown UIInterfaceOrientationLandscapeLeft UIInterfaceOrientationLandscapeRight";
				INFOPLIST_KEY_UISupportedInterfaceOrientations_iPhone = "UIInterfaceOrientationPortrait UIInterfaceOrientationLandscapeLeft UIInterfaceOrientationLandscapeRight";
				LD_RUNPATH_SEARCH_PATHS = (
					"$(inherited)",
					"@executable_path/Frameworks",
				);
				MARKETING_VERSION = 1.0;
				PRODUCT_BUNDLE_IDENTIFIER = FetchingDataWithFakeApi.DishDash;
				PRODUCT_NAME = "$(TARGET_NAME)";
				SWIFT_EMIT_LOC_STRINGS = YES;
				SWIFT_VERSION = 5.0;
				TARGETED_DEVICE_FAMILY = "1,2";
			};
			name = Debug;
		};
		8AEBE7E52D4A0A5D001D4F6A /* Release */ = {
			isa = XCBuildConfiguration;
			buildSettings = {
				ASSETCATALOG_COMPILER_APPICON_NAME = AppIcon;
				ASSETCATALOG_COMPILER_GLOBAL_ACCENT_COLOR_NAME = AccentColor;
				CODE_SIGN_STYLE = Automatic;
				CURRENT_PROJECT_VERSION = 1;
				DEVELOPMENT_ASSET_PATHS = "\"DishDash/Preview Content\"";
				ENABLE_PREVIEWS = YES;
				GENERATE_INFOPLIST_FILE = YES;
				INFOPLIST_KEY_UIApplicationSceneManifest_Generation = YES;
				INFOPLIST_KEY_UIApplicationSupportsIndirectInputEvents = YES;
				INFOPLIST_KEY_UILaunchScreen_Generation = YES;
				INFOPLIST_KEY_UISupportedInterfaceOrientations_iPad = "UIInterfaceOrientationPortrait UIInterfaceOrientationPortraitUpsideDown UIInterfaceOrientationLandscapeLeft UIInterfaceOrientationLandscapeRight";
				INFOPLIST_KEY_UISupportedInterfaceOrientations_iPhone = "UIInterfaceOrientationPortrait UIInterfaceOrientationLandscapeLeft UIInterfaceOrientationLandscapeRight";
				LD_RUNPATH_SEARCH_PATHS = (
					"$(inherited)",
					"@executable_path/Frameworks",
				);
				MARKETING_VERSION = 1.0;
				PRODUCT_BUNDLE_IDENTIFIER = FetchingDataWithFakeApi.DishDash;
				PRODUCT_NAME = "$(TARGET_NAME)";
				SWIFT_EMIT_LOC_STRINGS = YES;
				SWIFT_VERSION = 5.0;
				TARGETED_DEVICE_FAMILY = "1,2";
			};
			name = Release;
		};
		8AEBE7E72D4A0A5D001D4F6A /* Debug */ = {
			isa = XCBuildConfiguration;
			buildSettings = {
				ALWAYS_EMBED_SWIFT_STANDARD_LIBRARIES = YES;
				BUNDLE_LOADER = "$(TEST_HOST)";
				CODE_SIGN_STYLE = Automatic;
				CURRENT_PROJECT_VERSION = 1;
				GENERATE_INFOPLIST_FILE = YES;
				IPHONEOS_DEPLOYMENT_TARGET = 17.2;
				MARKETING_VERSION = 1.0;
				PRODUCT_BUNDLE_IDENTIFIER = FetchingDataWithFakeApi.DishDashTests;
				PRODUCT_NAME = "$(TARGET_NAME)";
				SWIFT_EMIT_LOC_STRINGS = NO;
				SWIFT_VERSION = 5.0;
				TARGETED_DEVICE_FAMILY = "1,2";
				TEST_HOST = "$(BUILT_PRODUCTS_DIR)/DishDash.app/$(BUNDLE_EXECUTABLE_FOLDER_PATH)/DishDash";
			};
			name = Debug;
		};
		8AEBE7E82D4A0A5D001D4F6A /* Release */ = {
			isa = XCBuildConfiguration;
			buildSettings = {
				ALWAYS_EMBED_SWIFT_STANDARD_LIBRARIES = YES;
				BUNDLE_LOADER = "$(TEST_HOST)";
				CODE_SIGN_STYLE = Automatic;
				CURRENT_PROJECT_VERSION = 1;
				GENERATE_INFOPLIST_FILE = YES;
				IPHONEOS_DEPLOYMENT_TARGET = 17.2;
				MARKETING_VERSION = 1.0;
				PRODUCT_BUNDLE_IDENTIFIER = FetchingDataWithFakeApi.DishDashTests;
				PRODUCT_NAME = "$(TARGET_NAME)";
				SWIFT_EMIT_LOC_STRINGS = NO;
				SWIFT_VERSION = 5.0;
				TARGETED_DEVICE_FAMILY = "1,2";
				TEST_HOST = "$(BUILT_PRODUCTS_DIR)/DishDash.app/$(BUNDLE_EXECUTABLE_FOLDER_PATH)/DishDash";
			};
			name = Release;
		};
		8AEBE7EA2D4A0A5D001D4F6A /* Debug */ = {
			isa = XCBuildConfiguration;
			buildSettings = {
				ALWAYS_EMBED_SWIFT_STANDARD_LIBRARIES = YES;
				CODE_SIGN_STYLE = Automatic;
				CURRENT_PROJECT_VERSION = 1;
				GENERATE_INFOPLIST_FILE = YES;
				MARKETING_VERSION = 1.0;
				PRODUCT_BUNDLE_IDENTIFIER = FetchingDataWithFakeApi.DishDashUITests;
				PRODUCT_NAME = "$(TARGET_NAME)";
				SWIFT_EMIT_LOC_STRINGS = NO;
				SWIFT_VERSION = 5.0;
				TARGETED_DEVICE_FAMILY = "1,2";
				TEST_TARGET_NAME = DishDash;
			};
			name = Debug;
		};
		8AEBE7EB2D4A0A5D001D4F6A /* Release */ = {
			isa = XCBuildConfiguration;
			buildSettings = {
				ALWAYS_EMBED_SWIFT_STANDARD_LIBRARIES = YES;
				CODE_SIGN_STYLE = Automatic;
				CURRENT_PROJECT_VERSION = 1;
				GENERATE_INFOPLIST_FILE = YES;
				MARKETING_VERSION = 1.0;
				PRODUCT_BUNDLE_IDENTIFIER = FetchingDataWithFakeApi.DishDashUITests;
				PRODUCT_NAME = "$(TARGET_NAME)";
				SWIFT_EMIT_LOC_STRINGS = NO;
				SWIFT_VERSION = 5.0;
				TARGETED_DEVICE_FAMILY = "1,2";
				TEST_TARGET_NAME = DishDash;
			};
			name = Release;
		};
/* End XCBuildConfiguration section */

/* Begin XCConfigurationList section */
		8AEBE7BA2D4A0A5A001D4F6A /* Build configuration list for PBXProject "DishDash" */ = {
			isa = XCConfigurationList;
			buildConfigurations = (
				8AEBE7E12D4A0A5D001D4F6A /* Debug */,
				8AEBE7E22D4A0A5D001D4F6A /* Release */,
			);
			defaultConfigurationIsVisible = 0;
			defaultConfigurationName = Release;
		};
		8AEBE7E32D4A0A5D001D4F6A /* Build configuration list for PBXNativeTarget "DishDash" */ = {
			isa = XCConfigurationList;
			buildConfigurations = (
				8AEBE7E42D4A0A5D001D4F6A /* Debug */,
				8AEBE7E52D4A0A5D001D4F6A /* Release */,
			);
			defaultConfigurationIsVisible = 0;
			defaultConfigurationName = Release;
		};
		8AEBE7E62D4A0A5D001D4F6A /* Build configuration list for PBXNativeTarget "DishDashTests" */ = {
			isa = XCConfigurationList;
			buildConfigurations = (
				8AEBE7E72D4A0A5D001D4F6A /* Debug */,
				8AEBE7E82D4A0A5D001D4F6A /* Release */,
			);
			defaultConfigurationIsVisible = 0;
			defaultConfigurationName = Release;
		};
		8AEBE7E92D4A0A5D001D4F6A /* Build configuration list for PBXNativeTarget "DishDashUITests" */ = {
			isa = XCConfigurationList;
			buildConfigurations = (
				8AEBE7EA2D4A0A5D001D4F6A /* Debug */,
				8AEBE7EB2D4A0A5D001D4F6A /* Release */,
			);
			defaultConfigurationIsVisible = 0;
			defaultConfigurationName = Release;
		};
/* End XCConfigurationList section */
	};
	rootObject = 8AEBE7B72D4A0A5A001D4F6A /* Project object */;
}
